
Microsoft Visual Studio Solution File, Format Version 12.00
# Visual Studio 15
VisualStudioVersion = 15.0.28307.106
MinimumVisualStudioVersion = 10.0.40219.1
Project("{FAE04EC0-301F-11D3-BF4B-00C04F79EFBC}") = "Project", "Project\Project.csproj", "{4F156FA4-48A7-4518-9600-9E3A8DCC39F2}"
EndProject
Global
	GlobalSection(SolutionConfigurationPlatforms) = preSolution
		Debug|Any CPU = Debug|Any CPU
		Release|Any CPU = Release|Any CPU
	EndGlobalSection
	GlobalSection(ProjectConfigurationPlatforms) = postSolution
		{4F156FA4-48A7-4518-9600-9E3A8DCC39F2}.Debug|Any CPU.ActiveCfg = Debug|Any CPU
		{4F156FA4-48A7-4518-9600-9E3A8DCC39F2}.Debug|Any CPU.Build.0 = Debug|Any CPU
		{4F156FA4-48A7-4518-9600-9E3A8DCC39F2}.Release|Any CPU.ActiveCfg = Release|Any CPU
		{4F156FA4-48A7-4518-9600-9E3A8DCC39F2}.Release|Any CPU.Build.0 = Release|Any CPU
	EndGlobalSection
	GlobalSection(SolutionProperties) = preSolution
		HideSolutionNode = FALSE
	EndGlobalSection
	GlobalSection(ExtensibilityGlobals) = postSolution
		SolutionGuid = {6BF38538-D82F-41E1-8462-4A26FE340EDA}
	EndGlobalSection
EndGlobal
